
Microsoft Visual Studio Solution File, Format Version 12.00
# Visual Studio 2013
VisualStudioVersion = 12.0.31101.0
MinimumVisualStudioVersion = 10.0.40219.1
Project("{FAE04EC0-301F-11D3-BF4B-00C04F79EFBC}") = "RegData", "RegData\RegData.csproj", "{C617222B-3C71-4A3A-8162-887DB599F172}"
EndProject
Project("{FAE04EC0-301F-11D3-BF4B-00C04F79EFBC}") = "ExportDbToTest", "ExportDbToTest\ExportDbToTest.csproj", "{3DC3C2EA-D62D-4EAF-81ED-E52AEE6E418D}"
EndProject
Project("{FAE04EC0-301F-11D3-BF4B-00C04F79EFBC}") = "RegMaint", "RegMaint\RegMaint.csproj", "{DA8779C9-1D4A-477A-8D09-562DCE8D78BB}"
EndProject
Global
	GlobalSection(SolutionConfigurationPlatforms) = preSolution
		Debug|Any CPU = Debug|Any CPU
		Release|Any CPU = Release|Any CPU
	EndGlobalSection
	GlobalSection(ProjectConfigurationPlatforms) = postSolution
		{C617222B-3C71-4A3A-8162-887DB599F172}.Debug|Any CPU.ActiveCfg = Debug|Any CPU
		{C617222B-3C71-4A3A-8162-887DB599F172}.Debug|Any CPU.Build.0 = Debug|Any CPU
		{C617222B-3C71-4A3A-8162-887DB599F172}.Release|Any CPU.ActiveCfg = Release|Any CPU
		{C617222B-3C71-4A3A-8162-887DB599F172}.Release|Any CPU.Build.0 = Release|Any CPU
		{3DC3C2EA-D62D-4EAF-81ED-E52AEE6E418D}.Debug|Any CPU.ActiveCfg = Debug|Any CPU
		{3DC3C2EA-D62D-4EAF-81ED-E52AEE6E418D}.Debug|Any CPU.Build.0 = Debug|Any CPU
		{3DC3C2EA-D62D-4EAF-81ED-E52AEE6E418D}.Release|Any CPU.ActiveCfg = Release|Any CPU
		{3DC3C2EA-D62D-4EAF-81ED-E52AEE6E418D}.Release|Any CPU.Build.0 = Release|Any CPU
		{DA8779C9-1D4A-477A-8D09-562DCE8D78BB}.Debug|Any CPU.ActiveCfg = Debug|Any CPU
		{DA8779C9-1D4A-477A-8D09-562DCE8D78BB}.Debug|Any CPU.Build.0 = Debug|Any CPU
		{DA8779C9-1D4A-477A-8D09-562DCE8D78BB}.Release|Any CPU.ActiveCfg = Release|Any CPU
		{DA8779C9-1D4A-477A-8D09-562DCE8D78BB}.Release|Any CPU.Build.0 = Release|Any CPU
	EndGlobalSection
	GlobalSection(SolutionProperties) = preSolution
		HideSolutionNode = FALSE
	EndGlobalSection
EndGlobal
